
Microsoft Visual Studio Solution File, Format Version 12.00
# Visual Studio Version 16
VisualStudioVersion = 16.0.33027.164
MinimumVisualStudioVersion = 10.0.40219.1
Project("{FAE04EC0-301F-11D3-BF4B-00C04F79EFBC}") = "Simulador de Parametros", "Simulador de Parametros\Simulador de Parametros.csproj", "{19112368-E21C-424F-9713-47FAA30978B4}"
EndProject
Global
	GlobalSection(SolutionConfigurationPlatforms) = preSolution
		Debug|Any CPU = Debug|Any CPU
		Release|Any CPU = Release|Any CPU
	EndGlobalSection
	GlobalSection(ProjectConfigurationPlatforms) = postSolution
		{19112368-E21C-424F-9713-47FAA30978B4}.Debug|Any CPU.ActiveCfg = Debug|Any CPU
		{19112368-E21C-424F-9713-47FAA30978B4}.Debug|Any CPU.Build.0 = Debug|Any CPU
		{19112368-E21C-424F-9713-47FAA30978B4}.Release|Any CPU.ActiveCfg = Release|Any CPU
		{19112368-E21C-424F-9713-47FAA30978B4}.Release|Any CPU.Build.0 = Release|Any CPU
	EndGlobalSection
	GlobalSection(SolutionProperties) = preSolution
		HideSolutionNode = FALSE
	EndGlobalSection
	GlobalSection(ExtensibilityGlobals) = postSolution
		SolutionGuid = {7F6217A0-E426-44DA-A788-AC05F08D7BF4}
	EndGlobalSection
EndGlobal
